
Microsoft Visual Studio Solution File, Format Version 12.00
# Visual Studio 15
VisualStudioVersion = 15.0.28307.136
MinimumVisualStudioVersion = 10.0.40219.1
Project("{9A19103F-16F7-4668-BE54-9A1E7A4F7556}") = "Rrs.Data.SqlServer", "Rrs.Data.SqlServer\Rrs.Data.SqlServer.csproj", "{0A9B5A95-5F80-4160-8DA1-48B9298B65CF}"
EndProject
Project("{2150E333-8FDC-42A3-9474-1A3956D46DE8}") = "Solution Items", "Solution Items", "{2042B8E3-1BB8-42A8-8910-129F32AF63CA}"
	ProjectSection(SolutionItems) = preProject
		..\CHANGELOG.md = ..\CHANGELOG.md
		..\README.md = ..\README.md
	EndProjectSection
EndProject
Global
	GlobalSection(SolutionConfigurationPlatforms) = preSolution
		Debug|Any CPU = Debug|Any CPU
		Release|Any CPU = Release|Any CPU
	EndGlobalSection
	GlobalSection(ProjectConfigurationPlatforms) = postSolution
		{0A9B5A95-5F80-4160-8DA1-48B9298B65CF}.Debug|Any CPU.ActiveCfg = Debug|Any CPU
		{0A9B5A95-5F80-4160-8DA1-48B9298B65CF}.Debug|Any CPU.Build.0 = Debug|Any CPU
		{0A9B5A95-5F80-4160-8DA1-48B9298B65CF}.Release|Any CPU.ActiveCfg = Release|Any CPU
		{0A9B5A95-5F80-4160-8DA1-48B9298B65CF}.Release|Any CPU.Build.0 = Release|Any CPU
	EndGlobalSection
	GlobalSection(SolutionProperties) = preSolution
		HideSolutionNode = FALSE
	EndGlobalSection
	GlobalSection(ExtensibilityGlobals) = postSolution
		SolutionGuid = {BE6E4F24-C937-402E-BBB2-F453AD55A6BC}
	EndGlobalSection
EndGlobal
