
Microsoft Visual Studio Solution File, Format Version 12.00
# Visual Studio Version 16
VisualStudioVersion = 16.0.29230.47
MinimumVisualStudioVersion = 10.0.40219.1
Project("{2150E333-8FDC-42A3-9474-1A3956D46DE8}") = "Solution Items", "Solution Items", "{2042B8E3-1BB8-42A8-8910-129F32AF63CA}"
	ProjectSection(SolutionItems) = preProject
		..\CHANGELOG.md = ..\CHANGELOG.md
		..\README.md = ..\README.md
		Rrs.Data.SqlServer.nuspec = Rrs.Data.SqlServer.nuspec
	EndProjectSection
EndProject
Project("{9A19103F-16F7-4668-BE54-9A1E7A4F7556}") = "Rrs.Data.SqlServer.Net40", "Rrs.Data.SqlServer.Net40\Rrs.Data.SqlServer.Net40.csproj", "{947901FC-0BEC-4B06-9E50-A9623EF86412}"
EndProject
Project("{9A19103F-16F7-4668-BE54-9A1E7A4F7556}") = "Rrs.Data.SqlServer", "Rrs.Data.SqlServer\Rrs.Data.SqlServer.csproj", "{9509EDFA-E391-42A2-8BF4-FF285064841C}"
EndProject
Project("{D954291E-2A0B-460D-934E-DC6B0785DB48}") = "Rrs.Data.SqlServer.Shared", "Rrs.Data.SqlServer.Shared\Rrs.Data.SqlServer.Shared.shproj", "{682DB81D-EA15-4AC1-89CB-9A18AC3F4527}"
EndProject
Global
	GlobalSection(SharedMSBuildProjectFiles) = preSolution
		Rrs.Data.SqlServer.Shared\Rrs.Data.SqlServer.Shared.projitems*{682db81d-ea15-4ac1-89cb-9a18ac3f4527}*SharedItemsImports = 13
		Rrs.Data.SqlServer.Shared\Rrs.Data.SqlServer.Shared.projitems*{947901fc-0bec-4b06-9e50-a9623ef86412}*SharedItemsImports = 5
		Rrs.Data.SqlServer.Shared\Rrs.Data.SqlServer.Shared.projitems*{9509edfa-e391-42a2-8bf4-ff285064841c}*SharedItemsImports = 5
	EndGlobalSection
	GlobalSection(SolutionConfigurationPlatforms) = preSolution
		Debug|Any CPU = Debug|Any CPU
		Release|Any CPU = Release|Any CPU
	EndGlobalSection
	GlobalSection(ProjectConfigurationPlatforms) = postSolution
		{947901FC-0BEC-4B06-9E50-A9623EF86412}.Debug|Any CPU.ActiveCfg = Debug|Any CPU
		{947901FC-0BEC-4B06-9E50-A9623EF86412}.Debug|Any CPU.Build.0 = Debug|Any CPU
		{947901FC-0BEC-4B06-9E50-A9623EF86412}.Release|Any CPU.ActiveCfg = Release|Any CPU
		{947901FC-0BEC-4B06-9E50-A9623EF86412}.Release|Any CPU.Build.0 = Release|Any CPU
		{9509EDFA-E391-42A2-8BF4-FF285064841C}.Debug|Any CPU.ActiveCfg = Debug|Any CPU
		{9509EDFA-E391-42A2-8BF4-FF285064841C}.Debug|Any CPU.Build.0 = Debug|Any CPU
		{9509EDFA-E391-42A2-8BF4-FF285064841C}.Release|Any CPU.ActiveCfg = Release|Any CPU
		{9509EDFA-E391-42A2-8BF4-FF285064841C}.Release|Any CPU.Build.0 = Release|Any CPU
	EndGlobalSection
	GlobalSection(SolutionProperties) = preSolution
		HideSolutionNode = FALSE
	EndGlobalSection
	GlobalSection(ExtensibilityGlobals) = postSolution
		SolutionGuid = {BE6E4F24-C937-402E-BBB2-F453AD55A6BC}
	EndGlobalSection
EndGlobal
